<Solution>
  <Folder Name="/docs/">
    <File Path="DEV-WEBHOOK-CHEAT-SHEET.md" />
    <File Path="docs/MIGRATION-GUIDE.md" />
    <File Path="docs/PATCH-APPLIED-SUMMARY.md" />
    <File Path="docs/TEST-SCENARIOS.md" />
    <File Path="docs/WEBHOOK_INTEGRATION.md" />
    <File Path="shell-commands.md" />
  </Folder>
  <Folder Name="/src/">
    <Project Path="src/VatEvidence.Core/VatEvidence.Core.csproj" Id="491da5f1-08f7-4ae0-aaab-464bd08b345e" />
    <Project Path="src/VatEvidence.Vies/VatEvidence.Vies.csproj" Id="e1ae1275-5bf1-47a2-99d1-35dd5d9747d1" />
  </Folder>
  <Project Path="VatEvidence.Application/VatEvidence.Application.csproj" />
  <Project Path="VatEvidence.Domain/VatEvidence.Domain.csproj" />
  <Project Path="VatEvidence.Infrastructure/VatEvidence.Infrastructure.csproj" />
  <Project Path="VatEvidence.Test.Integration/VatEvidence.Test.Integration.csproj" Id="ea7a8b86-eab8-4aef-b10f-191b047ba9b0" />
  <Project Path="VatEvidence.Test.Unit/VatEvidence.Test.Unit.csproj" Id="6b77aa7b-27cc-406d-823c-428239dd6268" />
  <Project Path="VatEvidence.Web/VatEvidence.Web.csproj" />
</Solution>
